
Microsoft Visual Studio Solution File, Format Version 12.00
# Visual Studio Version 17
VisualStudioVersion = 17.11.35312.102
MinimumVisualStudioVersion = 10.0.40219.1
Project("{FAE04EC0-301F-11D3-BF4B-00C04F79EFBC}") = "Static", "Static.csproj", "{0E0C5578-88F8-419E-8C88-CEEABB7E26C0}"
EndProject
Global
	GlobalSection(SolutionConfigurationPlatforms) = preSolution
		Debug|Any CPU = Debug|Any CPU
		Release|Any CPU = Release|Any CPU
	EndGlobalSection
	GlobalSection(ProjectConfigurationPlatforms) = postSolution
		{0E0C5578-88F8-419E-8C88-CEEABB7E26C0}.Debug|Any CPU.ActiveCfg = Debug|Any CPU
		{0E0C5578-88F8-419E-8C88-CEEABB7E26C0}.Debug|Any CPU.Build.0 = Debug|Any CPU
		{0E0C5578-88F8-419E-8C88-CEEABB7E26C0}.Release|Any CPU.ActiveCfg = Release|Any CPU
		{0E0C5578-88F8-419E-8C88-CEEABB7E26C0}.Release|Any CPU.Build.0 = Release|Any CPU
	EndGlobalSection
	GlobalSection(SolutionProperties) = preSolution
		HideSolutionNode = FALSE
	EndGlobalSection
	GlobalSection(ExtensibilityGlobals) = postSolution
		SolutionGuid = {D6F5C44C-BE18-479E-9133-EFCED02E9939}
	EndGlobalSection
EndGlobal
